# generated by rye
# use `rye lock` or `rye sync` to update this lockfile
#
# last locked with the following flags:
#   pre: false
#   features: []
#   all-features: false
#   with-sources: false
#   generate-hashes: false
#   universal: false

-e file:.
aiohappyeyeballs==2.4.3
    # via aiohttp
aiohttp==3.10.10
    # via apache-airflow-providers-http
    # via gcsfs
aiosignal==1.3.1
    # via aiohttp
alembic==1.13.3
    # via apache-airflow
annotated-types==0.7.0
    # via pydantic
anyio==4.5.2
    # via httpx
apache-airflow==2.5.1
    # via airflow
    # via apache-airflow-providers-amazon
    # via apache-airflow-providers-apache-spark
    # via apache-airflow-providers-cncf-kubernetes
    # via apache-airflow-providers-common-sql
    # via apache-airflow-providers-ftp
    # via apache-airflow-providers-google
    # via apache-airflow-providers-http
    # via apache-airflow-providers-imap
    # via apache-airflow-providers-influxdb
    # via apache-airflow-providers-sqlite
apache-airflow-providers-amazon==5.0.0
    # via airflow
apache-airflow-providers-apache-spark==3.0.0
    # via airflow
apache-airflow-providers-cncf-kubernetes==4.3.0
    # via airflow
apache-airflow-providers-common-sql==1.8.1
    # via apache-airflow
    # via apache-airflow-providers-amazon
    # via apache-airflow-providers-google
    # via apache-airflow-providers-sqlite
apache-airflow-providers-ftp==3.6.1
    # via apache-airflow
apache-airflow-providers-google==8.3.0
    # via airflow
apache-airflow-providers-http==4.7.0
    # via apache-airflow
apache-airflow-providers-imap==3.4.0
    # via apache-airflow
apache-airflow-providers-influxdb==2.0.0
    # via airflow
apache-airflow-providers-sqlite==3.5.0
    # via apache-airflow
apispec==3.3.2
    # via flask-appbuilder
argcomplete==3.5.1
    # via apache-airflow
asgiref==3.8.1
    # via apache-airflow-providers-http
asn1crypto==1.5.1
    # via scramp
async-timeout==4.0.3
    # via aiohttp
attrs==24.2.0
    # via aiohttp
    # via apache-airflow
    # via cattrs
    # via jsonschema
    # via looker-sdk
    # via referencing
babel==2.16.0
    # via flask-babel
beautifulsoup4==4.12.3
    # via redshift-connector
blinker==1.8.2
    # via apache-airflow
boto3==1.35.52
    # via airflow
    # via apache-airflow-providers-amazon
    # via pyathena
    # via redshift-connector
    # via watchtower
botocore==1.35.52
    # via boto3
    # via pyathena
    # via redshift-connector
    # via s3transfer
cachelib==0.9.0
    # via flask-caching
    # via flask-session
cachetools==4.2.4
    # via google-auth
cattrs==24.1.2
    # via apache-airflow
    # via looker-sdk
certifi==2024.8.30
    # via httpcore
    # via httpx
    # via influxdb-client
    # via kubernetes
    # via requests
cffi==1.17.1
    # via cryptography
charset-normalizer==3.4.0
    # via requests
click==8.1.7
    # via clickclick
    # via flask
    # via flask-appbuilder
clickclick==20.10.2
    # via connexion
colorama==0.4.6
    # via flask-appbuilder
colorlog==4.8.0
    # via apache-airflow
configupdater==3.2
    # via apache-airflow
connexion==2.14.2
    # via airflow
    # via apache-airflow
cron-descriptor==1.4.5
    # via apache-airflow
croniter==5.0.1
    # via apache-airflow
cryptography==43.0.3
    # via apache-airflow
    # via apache-airflow-providers-cncf-kubernetes
    # via pyopenssl
datadog==0.50.1
    # via airflow
decorator==5.1.1
    # via gcsfs
deprecated==1.2.14
    # via apache-airflow
dill==0.3.9
    # via apache-airflow
dnspython==2.6.1
    # via email-validator
docutils==0.18
    # via airflow
email-validator==1.3.1
    # via flask-appbuilder
et-xmlfile==2.0.0
    # via openpyxl
exceptiongroup==1.2.2
    # via anyio
    # via cattrs
flask==2.2.2
    # via airflow
    # via apache-airflow
    # via connexion
    # via flask-admin
    # via flask-appbuilder
    # via flask-babel
    # via flask-caching
    # via flask-jwt-extended
    # via flask-login
    # via flask-session
    # via flask-sqlalchemy
    # via flask-wtf
flask-admin==1.5.8
    # via airflow
flask-appbuilder==4.1.4
    # via apache-airflow
flask-babel==2.0.0
    # via flask-appbuilder
flask-caching==2.3.0
    # via apache-airflow
flask-jwt-extended==4.6.0
    # via flask-appbuilder
flask-login==0.6.3
    # via apache-airflow
    # via flask-appbuilder
flask-session==0.4.0
    # via airflow
    # via apache-airflow
flask-sqlalchemy==2.5.1
    # via flask-appbuilder
flask-wtf==1.2.1
    # via apache-airflow
    # via flask-appbuilder
frozenlist==1.5.0
    # via aiohttp
    # via aiosignal
fsspec==2024.10.0
    # via gcsfs
future==1.0.0
    # via pyathena
gcsfs==2024.10.0
    # via airflow
google-ads==22.0.0
    # via apache-airflow-providers-google
google-api-core==2.10.2
    # via apache-airflow-providers-google
    # via google-ads
    # via google-api-python-client
    # via google-cloud-aiplatform
    # via google-cloud-appengine-logging
    # via google-cloud-automl
    # via google-cloud-bigquery
    # via google-cloud-bigquery-datatransfer
    # via google-cloud-bigtable
    # via google-cloud-build
    # via google-cloud-container
    # via google-cloud-core
    # via google-cloud-datacatalog
    # via google-cloud-dataform
    # via google-cloud-dataplex
    # via google-cloud-dataproc
    # via google-cloud-dataproc-metastore
    # via google-cloud-dlp
    # via google-cloud-kms
    # via google-cloud-language
    # via google-cloud-logging
    # via google-cloud-memcache
    # via google-cloud-monitoring
    # via google-cloud-orchestration-airflow
    # via google-cloud-os-login
    # via google-cloud-pubsub
    # via google-cloud-redis
    # via google-cloud-resource-manager
    # via google-cloud-secret-manager
    # via google-cloud-spanner
    # via google-cloud-speech
    # via google-cloud-tasks
    # via google-cloud-texttospeech
    # via google-cloud-translate
    # via google-cloud-videointelligence
    # via google-cloud-vision
    # via google-cloud-workflows
    # via sqlalchemy-bigquery
google-api-python-client==1.12.11
    # via airflow
    # via apache-airflow-providers-google
google-auth==1.35.0
    # via apache-airflow-providers-google
    # via gcsfs
    # via google-api-core
    # via google-api-python-client
    # via google-auth-httplib2
    # via google-auth-oauthlib
    # via google-cloud-core
    # via google-cloud-storage
    # via kubernetes
    # via pandas-gbq
    # via pydata-google-auth
    # via sqlalchemy-bigquery
google-auth-httplib2==0.2.0
    # via apache-airflow-providers-google
    # via google-api-python-client
google-auth-oauthlib==0.5.3
    # via gcsfs
    # via google-ads
    # via pandas-gbq
    # via pydata-google-auth
google-cloud-aiplatform==1.41.0
    # via apache-airflow-providers-google
google-cloud-appengine-logging==1.1.6
    # via google-cloud-logging
google-cloud-audit-log==0.3.0
    # via google-cloud-logging
google-cloud-automl==2.8.3
    # via apache-airflow-providers-google
google-cloud-bigquery==3.18.0
    # via google-cloud-aiplatform
    # via pandas-gbq
    # via sqlalchemy-bigquery
google-cloud-bigquery-datatransfer==3.7.3
    # via apache-airflow-providers-google
google-cloud-bigtable==1.7.3
    # via apache-airflow-providers-google
google-cloud-build==3.9.3
    # via apache-airflow-providers-google
google-cloud-container==2.13.0
    # via apache-airflow-providers-google
google-cloud-core==1.7.3
    # via google-cloud-bigquery
    # via google-cloud-bigtable
    # via google-cloud-logging
    # via google-cloud-spanner
    # via google-cloud-storage
    # via google-cloud-translate
google-cloud-datacatalog==3.9.3
    # via apache-airflow-providers-google
google-cloud-dataform==0.2.3
    # via apache-airflow-providers-google
google-cloud-dataplex==1.1.3
    # via apache-airflow-providers-google
google-cloud-dataproc==5.0.3
    # via apache-airflow-providers-google
google-cloud-dataproc-metastore==1.6.3
    # via apache-airflow-providers-google
google-cloud-dlp==1.0.2
    # via apache-airflow-providers-google
google-cloud-kms==2.12.3
    # via apache-airflow-providers-google
google-cloud-language==1.3.2
    # via apache-airflow-providers-google
google-cloud-logging==3.1.2
    # via apache-airflow-providers-google
google-cloud-memcache==1.4.4
    # via apache-airflow-providers-google
google-cloud-monitoring==2.16.0
    # via apache-airflow-providers-google
google-cloud-orchestration-airflow==1.4.4
    # via apache-airflow-providers-google
google-cloud-os-login==2.7.4
    # via apache-airflow-providers-google
google-cloud-pubsub==2.13.11
    # via apache-airflow-providers-google
google-cloud-redis==2.9.3
    # via apache-airflow-providers-google
google-cloud-resource-manager==1.6.3
    # via google-cloud-aiplatform
google-cloud-secret-manager==1.0.2
    # via apache-airflow-providers-google
google-cloud-spanner==1.19.3
    # via apache-airflow-providers-google
google-cloud-speech==1.3.4
    # via apache-airflow-providers-google
google-cloud-storage==1.36.2
    # via airflow
    # via apache-airflow-providers-google
    # via gcsfs
    # via google-cloud-aiplatform
google-cloud-tasks==2.10.4
    # via apache-airflow-providers-google
google-cloud-texttospeech==1.0.3
    # via apache-airflow-providers-google
google-cloud-translate==1.7.2
    # via apache-airflow-providers-google
google-cloud-videointelligence==1.16.3
    # via apache-airflow-providers-google
google-cloud-vision==1.0.2
    # via apache-airflow-providers-google
google-cloud-workflows==1.7.4
    # via apache-airflow-providers-google
google-crc32c==1.5.0
    # via google-resumable-media
google-resumable-media==1.3.3
    # via google-cloud-bigquery
    # via google-cloud-storage
googleapis-common-protos==1.65.0
    # via google-ads
    # via google-api-core
    # via google-cloud-audit-log
    # via grpc-google-iam-v1
    # via grpcio-status
graphviz==0.20.3
    # via apache-airflow
greenlet==3.1.1
    # via sqlalchemy
grpc-google-iam-v1==0.12.7
    # via google-cloud-bigtable
    # via google-cloud-container
    # via google-cloud-datacatalog
    # via google-cloud-dataform
    # via google-cloud-dataplex
    # via google-cloud-kms
    # via google-cloud-logging
    # via google-cloud-pubsub
    # via google-cloud-resource-manager
    # via google-cloud-secret-manager
    # via google-cloud-spanner
    # via google-cloud-tasks
grpcio==1.67.1
    # via google-ads
    # via google-api-core
    # via google-cloud-pubsub
    # via googleapis-common-protos
    # via grpc-google-iam-v1
    # via grpcio-gcp
    # via grpcio-status
grpcio-gcp==0.2.2
    # via apache-airflow-providers-google
    # via google-api-core
grpcio-status==1.48.2
    # via google-ads
    # via google-api-core
    # via google-cloud-pubsub
gunicorn==23.0.0
    # via apache-airflow
h11==0.14.0
    # via httpcore
httpcore==1.0.6
    # via httpx
httplib2==0.22.0
    # via google-api-python-client
    # via google-auth-httplib2
httpx==0.27.2
    # via apache-airflow
    # via apache-airflow-providers-google
idna==3.10
    # via anyio
    # via email-validator
    # via httpx
    # via requests
    # via yarl
inflection==0.5.1
    # via connexion
influxdb==5.2.1
    # via airflow
influxdb-client==1.47.0
    # via apache-airflow-providers-influxdb
itsdangerous==2.2.0
    # via apache-airflow
    # via connexion
    # via flask
    # via flask-wtf
jinja2==3.1.4
    # via apache-airflow
    # via flask
    # via flask-babel
    # via python-nvd3
jmespath==1.0.1
    # via boto3
    # via botocore
json-merge-patch==0.2
    # via apache-airflow-providers-google
jsonpath-ng==1.7.0
    # via apache-airflow-providers-amazon
jsonschema==4.23.0
    # via apache-airflow
    # via connexion
    # via flask-appbuilder
jsonschema-specifications==2023.12.1
    # via jsonschema
kubernetes==23.6.0
    # via apache-airflow-providers-cncf-kubernetes
lazy-object-proxy==1.10.0
    # via apache-airflow
linkify-it-py==2.0.3
    # via apache-airflow
lockfile==0.12.2
    # via apache-airflow
    # via python-daemon
looker-sdk==24.18.1
    # via apache-airflow-providers-google
lxml==5.3.0
    # via redshift-connector
mako==1.3.6
    # via alembic
markdown==3.7
    # via apache-airflow
markdown-it-py==3.0.0
    # via apache-airflow
    # via mdit-py-plugins
    # via rich
markupsafe==2.1.5
    # via apache-airflow
    # via jinja2
    # via mako
    # via werkzeug
    # via wtforms
marshmallow==3.22.0
    # via flask-appbuilder
    # via marshmallow-enum
    # via marshmallow-oneofschema
    # via marshmallow-sqlalchemy
marshmallow-enum==1.5.1
    # via flask-appbuilder
marshmallow-oneofschema==3.1.1
    # via apache-airflow
marshmallow-sqlalchemy==0.26.1
    # via flask-appbuilder
mdit-py-plugins==0.4.2
    # via apache-airflow
mdurl==0.1.2
    # via markdown-it-py
multidict==6.1.0
    # via aiohttp
    # via yarl
mypy-boto3-appflow==1.35.39
    # via apache-airflow-providers-amazon
mypy-boto3-rds==1.35.50
    # via apache-airflow-providers-amazon
mypy-boto3-redshift-data==1.35.51
    # via apache-airflow-providers-amazon
numpy==1.24.4
    # via pandas
    # via shapely
oauthlib==3.2.2
    # via requests-oauthlib
openpyxl==3.1.5
    # via airflow
packaging==24.1
    # via apache-airflow
    # via connexion
    # via google-cloud-aiplatform
    # via google-cloud-bigquery
    # via gunicorn
    # via marshmallow
    # via redshift-connector
    # via sqlalchemy-bigquery
    # via sqlalchemy-redshift
pandas==2.0.3
    # via apache-airflow-providers-amazon
    # via apache-airflow-providers-google
    # via apache-airflow-providers-influxdb
    # via pandas-gbq
pandas-gbq==0.13.2
    # via airflow
    # via apache-airflow-providers-google
pathspec==0.9.0
    # via apache-airflow
pendulum==2.1.2
    # via airflow
    # via apache-airflow
pluggy==1.5.0
    # via apache-airflow
ply==3.11
    # via jsonpath-ng
prison==0.2.1
    # via flask-appbuilder
propcache==0.2.0
    # via yarl
proto-plus==1.25.0
    # via apache-airflow-providers-google
    # via google-ads
    # via google-cloud-aiplatform
    # via google-cloud-appengine-logging
    # via google-cloud-automl
    # via google-cloud-bigquery-datatransfer
    # via google-cloud-build
    # via google-cloud-container
    # via google-cloud-datacatalog
    # via google-cloud-dataform
    # via google-cloud-dataplex
    # via google-cloud-dataproc
    # via google-cloud-dataproc-metastore
    # via google-cloud-kms
    # via google-cloud-logging
    # via google-cloud-memcache
    # via google-cloud-monitoring
    # via google-cloud-orchestration-airflow
    # via google-cloud-os-login
    # via google-cloud-pubsub
    # via google-cloud-redis
    # via google-cloud-resource-manager
    # via google-cloud-tasks
    # via google-cloud-workflows
protobuf==3.20.3
    # via airflow
    # via google-ads
    # via google-api-core
    # via google-cloud-aiplatform
    # via google-cloud-appengine-logging
    # via google-cloud-audit-log
    # via google-cloud-automl
    # via google-cloud-bigquery-datatransfer
    # via google-cloud-bigtable
    # via google-cloud-build
    # via google-cloud-container
    # via google-cloud-datacatalog
    # via google-cloud-dataform
    # via google-cloud-dataplex
    # via google-cloud-dataproc
    # via google-cloud-dataproc-metastore
    # via google-cloud-dlp
    # via google-cloud-kms
    # via google-cloud-language
    # via google-cloud-logging
    # via google-cloud-memcache
    # via google-cloud-monitoring
    # via google-cloud-orchestration-airflow
    # via google-cloud-os-login
    # via google-cloud-pubsub
    # via google-cloud-redis
    # via google-cloud-resource-manager
    # via google-cloud-secret-manager
    # via google-cloud-spanner
    # via google-cloud-speech
    # via google-cloud-tasks
    # via google-cloud-texttospeech
    # via google-cloud-translate
    # via google-cloud-videointelligence
    # via google-cloud-vision
    # via google-cloud-workflows
    # via googleapis-common-protos
    # via grpc-google-iam-v1
    # via grpcio-status
    # via proto-plus
psutil==6.1.0
    # via apache-airflow
py4j==0.10.9.7
    # via pyspark
pyasn1==0.6.1
    # via pyasn1-modules
    # via rsa
pyasn1-modules==0.4.1
    # via google-auth
pyathena==1.9.0
    # via airflow
pybars3==0.9.7
    # via airflow
pycparser==2.22
    # via cffi
pydantic==2.9.2
    # via airflow
pydantic-core==2.23.4
    # via pydantic
pydata-google-auth==1.8.2
    # via pandas-gbq
pygments==2.18.0
    # via apache-airflow
    # via rich
pyjwt==2.9.0
    # via apache-airflow
    # via flask-appbuilder
    # via flask-jwt-extended
pymeta3==0.5.1
    # via pybars3
pyopenssl==24.2.1
    # via apache-airflow-providers-google
pyparsing==3.1.4
    # via httplib2
pyspark==3.5.3
    # via apache-airflow-providers-apache-spark
python-daemon==3.1.0
    # via apache-airflow
python-dateutil==2.9.0.post0
    # via apache-airflow
    # via botocore
    # via croniter
    # via flask-appbuilder
    # via google-cloud-bigquery
    # via influxdb
    # via influxdb-client
    # via kubernetes
    # via pandas
    # via pendulum
    # via vertica-python
python-nvd3==0.16.0
    # via apache-airflow
python-slugify==8.0.4
    # via apache-airflow
    # via python-nvd3
pytz==2024.2
    # via croniter
    # via flask-babel
    # via influxdb
    # via pandas
    # via redshift-connector
pytzdata==2020.1
    # via pendulum
pyyaml==6.0.2
    # via airflow
    # via apispec
    # via clickclick
    # via connexion
    # via google-ads
    # via kubernetes
reactivex==4.0.4
    # via influxdb-client
redshift-connector==2.1.3
    # via apache-airflow-providers-amazon
referencing==0.35.1
    # via jsonschema
    # via jsonschema-specifications
requests==2.32.3
    # via apache-airflow-providers-http
    # via connexion
    # via datadog
    # via gcsfs
    # via google-api-core
    # via google-cloud-bigquery
    # via google-cloud-storage
    # via influxdb
    # via kubernetes
    # via looker-sdk
    # via redshift-connector
    # via requests-oauthlib
    # via requests-toolbelt
requests-oauthlib==2.0.0
    # via google-auth-oauthlib
    # via kubernetes
requests-toolbelt==1.0.0
    # via apache-airflow-providers-http
retrying==1.3.4
    # via airflow
rich==13.9.3
    # via apache-airflow
rpds-py==0.20.0
    # via jsonschema
    # via referencing
rsa==4.9
    # via google-auth
s3transfer==0.10.3
    # via boto3
scramp==1.4.5
    # via redshift-connector
setproctitle==1.3.3
    # via apache-airflow
setuptools==75.3.0
    # via google-ads
    # via google-auth
    # via influxdb-client
    # via kubernetes
    # via pandas-gbq
    # via pydata-google-auth
    # via python-daemon
    # via redshift-connector
shapely==2.0.6
    # via google-cloud-aiplatform
six==1.16.0
    # via google-api-python-client
    # via google-auth
    # via google-cloud-core
    # via google-resumable-media
    # via influxdb
    # via kubernetes
    # via prison
    # via python-dateutil
    # via retrying
    # via vertica-python
sniffio==1.3.1
    # via anyio
    # via httpx
soupsieve==2.6
    # via beautifulsoup4
sqlalchemy==1.4.46
    # via airflow
    # via alembic
    # via apache-airflow
    # via flask-appbuilder
    # via flask-sqlalchemy
    # via marshmallow-sqlalchemy
    # via sqlalchemy-bigquery
    # via sqlalchemy-jsonfield
    # via sqlalchemy-redshift
    # via sqlalchemy-utils
sqlalchemy-bigquery==1.12.0
    # via apache-airflow-providers-google
sqlalchemy-jsonfield==1.0.2
    # via apache-airflow
sqlalchemy-redshift==0.8.14
    # via apache-airflow-providers-amazon
sqlalchemy-utils==0.41.2
    # via flask-appbuilder
sqlparse==0.5.1
    # via apache-airflow-providers-common-sql
tabulate==0.9.0
    # via apache-airflow
tenacity==9.0.0
    # via apache-airflow
    # via pyathena
termcolor==2.4.0
    # via apache-airflow
text-unidecode==1.3
    # via python-slugify
typing-extensions==4.12.2
    # via alembic
    # via anyio
    # via apache-airflow
    # via asgiref
    # via cattrs
    # via looker-sdk
    # via multidict
    # via mypy-boto3-appflow
    # via mypy-boto3-rds
    # via mypy-boto3-redshift-data
    # via pydantic
    # via pydantic-core
    # via reactivex
    # via rich
tzdata==2024.2
    # via pandas
uc-micro-py==1.0.3
    # via linkify-it-py
unicodecsv==0.14.1
    # via apache-airflow
uritemplate==3.0.1
    # via google-api-python-client
urllib3==1.26.20
    # via botocore
    # via influxdb-client
    # via kubernetes
    # via requests
vertica-python==1.3.8
    # via airflow
watchtower==2.0.1
    # via apache-airflow-providers-amazon
websocket-client==1.8.0
    # via kubernetes
werkzeug==2.2.3
    # via airflow
    # via apache-airflow
    # via connexion
    # via flask
    # via flask-jwt-extended
    # via flask-login
wrapt==1.16.0
    # via deprecated
wtforms==3.1.2
    # via flask-admin
    # via flask-appbuilder
    # via flask-wtf
yarl==1.15.2
    # via aiohttp
